
Microsoft Visual Studio Solution File, Format Version 12.00
# Visual Studio Version 17
VisualStudioVersion = 17.2.32630.192
MinimumVisualStudioVersion = 10.0.40219.1
Project("{2150E333-8FDC-42A3-9474-1A3956D46DE8}") = "00_Utils", "00_Utils", "{CF5EC2CC-9C12-4D26-87C6-FA06E5D7F674}"
EndProject
Project("{2150E333-8FDC-42A3-9474-1A3956D46DE8}") = "01_App", "01_App", "{506F5AC0-FEAE-4E4B-B746-30C07184A5C5}"
EndProject
Project("{2150E333-8FDC-42A3-9474-1A3956D46DE8}") = "02_Module", "02_Module", "{745B3EC3-981C-487D-BB75-54AF266FA1FD}"
EndProject
Project("{2150E333-8FDC-42A3-9474-1A3956D46DE8}") = "03_EventBus", "03_EventBus", "{63A06F42-E76A-4028-ABC3-23A8A6431D26}"
EndProject
Project("{2150E333-8FDC-42A3-9474-1A3956D46DE8}") = "04_DatabaseSetup", "04_DatabaseSetup", "{6D688046-959E-4B4E-95BE-CE91C3FB88A8}"
EndProject
Project("{2150E333-8FDC-42A3-9474-1A3956D46DE8}") = "05_Tenant", "05_Tenant", "{ADD2186D-874E-42DB-BC66-F07CF1467523}"
EndProject
Project("{2150E333-8FDC-42A3-9474-1A3956D46DE8}") = "06_Authentication", "06_Authentication", "{BD0D352D-B332-42D5-B551-124EE9F5DF3A}"
EndProject
Project("{9A19103F-16F7-4668-BE54-9A1E7A4F7556}") = "NetX.Common", "01_NetXFramework\00_Utils\Common\NetX.Common.csproj", "{2E511575-86F6-4974-8EBC-4642BEE0BD05}"
EndProject
Project("{9A19103F-16F7-4668-BE54-9A1E7A4F7556}") = "NetX.App", "01_NetXFramework\01_App\NetX.App.csproj", "{8632AE87-8E95-49C1-9E90-2D05C26A5106}"
EndProject
Project("{9A19103F-16F7-4668-BE54-9A1E7A4F7556}") = "NetX.Module", "01_NetXFramework\02_Module\NetX.Module.csproj", "{3AEB9628-054C-4197-B30F-E367916636C0}"
EndProject
Project("{9A19103F-16F7-4668-BE54-9A1E7A4F7556}") = "NetX.EventBus", "01_NetXFramework\03_EventBus\NetX.EventBus.csproj", "{6144D025-9C35-4B0D-AE34-02EF9249264C}"
EndProject
Project("{9A19103F-16F7-4668-BE54-9A1E7A4F7556}") = "NetX.DatabaseSetup", "01_NetXFramework\04_DatabaseSetup\NetX.DatabaseSetup.csproj", "{E4A95196-0E61-4B3B-A184-4522B421C6BF}"
EndProject
Project("{9A19103F-16F7-4668-BE54-9A1E7A4F7556}") = "NetX.Tenants", "01_NetXFramework\05_Tenant\NetX.Tenants.csproj", "{E3A8D2F7-61D4-4A29-809C-C594FF75B9AC}"
EndProject
Project("{2150E333-8FDC-42A3-9474-1A3956D46DE8}") = "01_NetXFramework", "01_NetXFramework", "{54205D67-3381-4BF0-B639-FD721793413F}"
EndProject
Project("{2150E333-8FDC-42A3-9474-1A3956D46DE8}") = "02_Demos", "02_Demos", "{48982754-DA07-4CF4-9D7E-004ADAD1FBB9}"
EndProject
Project("{2150E333-8FDC-42A3-9474-1A3956D46DE8}") = "03_Tests", "03_Tests", "{D6B40723-62CB-410C-90EE-228D5D2590E5}"
EndProject
Project("{2150E333-8FDC-42A3-9474-1A3956D46DE8}") = "00_Build", "00_Build", "{9FB6C0B2-B250-42A5-90A0-2A6C0E648E95}"
EndProject
Project("{9A19103F-16F7-4668-BE54-9A1E7A4F7556}") = "NetX.Tests", "03_Tests\NetX.Tests.csproj", "{72DFBF56-F612-49E9-AF91-81467F0B0FB1}"
EndProject
Project("{2150E333-8FDC-42A3-9474-1A3956D46DE8}") = "01_WebApi", "01_WebApi", "{1FACA067-4C15-4285-9249-1A9C66C70E26}"
EndProject
Project("{9A19103F-16F7-4668-BE54-9A1E7A4F7556}") = "WebApiDemo", "02_Demos\01_WebApp\WebApiDemo.csproj", "{CC640E22-04EB-4276-9545-ED7E17AB915E}"
EndProject
Project("{2150E333-8FDC-42A3-9474-1A3956D46DE8}") = "Module1", "Module1", "{C8BB9A00-0DCB-469A-8A0D-D7590EFFA0E6}"
EndProject
Project("{2150E333-8FDC-42A3-9474-1A3956D46DE8}") = "Module2", "Module2", "{D0C68E61-70D2-433D-989C-4E5A37180FA3}"
EndProject
Project("{2150E333-8FDC-42A3-9474-1A3956D46DE8}") = "02_Modules", "02_Modules", "{10523FEB-A7FD-4803-8AED-5F85C484CCE1}"
EndProject
Project("{2150E333-8FDC-42A3-9474-1A3956D46DE8}") = "03_DatabaseSetups", "03_DatabaseSetups", "{E90693D9-0C0F-4F0E-8CD7-6219A3F715BA}"
EndProject
Project("{2150E333-8FDC-42A3-9474-1A3956D46DE8}") = "DatabaseSetupTest1", "DatabaseSetupTest1", "{C39E95AC-B406-479A-A914-4026EF6ED89A}"
EndProject
Project("{2150E333-8FDC-42A3-9474-1A3956D46DE8}") = "DatabaseSetupTest2", "DatabaseSetupTest2", "{233C383C-1013-443B-AF1A-484B5E49BA41}"
EndProject
Project("{9A19103F-16F7-4668-BE54-9A1E7A4F7556}") = "Module1", "02_Demos\02_Modules\Module1\Module1.csproj", "{85DB8ACB-33AB-4C41-B9D0-EE231E988372}"
EndProject
Project("{9A19103F-16F7-4668-BE54-9A1E7A4F7556}") = "Module2", "02_Demos\02_Modules\Module2\Module2.csproj", "{B3DC474C-9676-42C3-97B1-FE9495E8ADDD}"
EndProject
Project("{9A19103F-16F7-4668-BE54-9A1E7A4F7556}") = "DatabaseSetupTest1", "02_Demos\03_DatabaseSetups\DatabaseSetupTest1\DatabaseSetupTest1.csproj", "{B104DD2A-D06F-4BE9-81B9-5A485CADB90B}"
EndProject
Project("{9A19103F-16F7-4668-BE54-9A1E7A4F7556}") = "DatabaseSetupTest2", "02_Demos\03_DatabaseSetups\DatabaseSetupTest2\DatabaseSetupTest2.csproj", "{D35865AD-6BC1-481A-B91E-BBBA9C076160}"
EndProject
Project("{9A19103F-16F7-4668-BE54-9A1E7A4F7556}") = "NetX.Authentication.Core", "01_NetXFramework\06_Authentication\Authentication.Core\NetX.Authentication.Core.csproj", "{649F7101-1464-48A6-B5E8-0190759778A6}"
EndProject
Project("{9A19103F-16F7-4668-BE54-9A1E7A4F7556}") = "NetX.Authentication.Jwt", "01_NetXFramework\06_Authentication\Authentication.Jwt\NetX.Authentication.Jwt.csproj", "{68B21E54-BF26-4F51-B5C0-DD8E8D838278}"
EndProject
Project("{2150E333-8FDC-42A3-9474-1A3956D46DE8}") = "07_Logging", "07_Logging", "{1782B6F8-3B2B-44CF-9B86-E1452B0D90DE}"
EndProject
Project("{9A19103F-16F7-4668-BE54-9A1E7A4F7556}") = "NetX.Logging", "01_NetXFramework\07_Logging\NetX.Logging.csproj", "{03C4AC52-3F20-41D6-B577-18B2F1349E71}"
EndProject
Project("{2150E333-8FDC-42A3-9474-1A3956D46DE8}") = "08_ApiDoc", "08_ApiDoc", "{7D753218-DF8D-4355-81A2-7064E7CC463F}"
EndProject
Project("{9A19103F-16F7-4668-BE54-9A1E7A4F7556}") = "NetX.Swagger", "01_NetXFramework\08_ApiDoc\Swagger\NetX.Swagger.csproj", "{BD41CDBB-01F8-422D-9B0F-E80D15D9600C}"
EndProject
Project("{2150E333-8FDC-42A3-9474-1A3956D46DE8}") = "NetX", "NetX", "{D799B4DC-8F15-4730-A443-A6645AAF1B60}"
EndProject
Project("{2150E333-8FDC-42A3-9474-1A3956D46DE8}") = "02_Modules", "02_Modules", "{0E0C7D85-52A6-4139-A6A2-A4095C8B47C6}"
EndProject
Project("{2150E333-8FDC-42A3-9474-1A3956D46DE8}") = "01_WebApi", "01_WebApi", "{92023A8C-A7CC-4FE6-A202-754C8627211C}"
EndProject
Project("{9A19103F-16F7-4668-BE54-9A1E7A4F7556}") = "NetX.WebApi", "NetX\01_WebApi\NetX.WebApi.csproj", "{B2F46066-069B-4029-B9B1-D0D4F0356BCA}"
EndProject
Project("{9A19103F-16F7-4668-BE54-9A1E7A4F7556}") = "NetX.RBAC", "NetX\02_Modules\RBAC\NetX.RBAC.csproj", "{DC9F93B0-AA3F-45F9-B189-A2995CEA59EF}"
EndProject
Project("{2150E333-8FDC-42A3-9474-1A3956D46DE8}") = "09_Cache", "09_Cache", "{F90B11CE-F64E-42B6-9D66-C578527B1DDA}"
EndProject
Project("{9A19103F-16F7-4668-BE54-9A1E7A4F7556}") = "NetX.Cache.Core", "01_NetXFramework\09_Cache\Cache.Core\NetX.Cache.Core.csproj", "{4D599D85-D653-4EBE-A77D-91E44DA456FA}"
EndProject
Project("{9A19103F-16F7-4668-BE54-9A1E7A4F7556}") = "NetX.InMemoryCache", "01_NetXFramework\09_Cache\MemoryCache\NetX.InMemoryCache.csproj", "{BD24C9EC-4F8A-41CD-9545-40307588BAC2}"
EndProject
Project("{9A19103F-16F7-4668-BE54-9A1E7A4F7556}") = "NetX.DatabseLogging", "NetX\02_Modules\Tools\NetX.DatabseLogging.csproj", "{021889C7-0BA6-4258-9A83-9171420D0A31}"
EndProject
Project("{2150E333-8FDC-42A3-9474-1A3956D46DE8}") = "00_WebApiTesting", "00_WebApiTesting", "{2867334D-AB7E-408A-A8E0-6748CF99301E}"
EndProject
Project("{9A19103F-16F7-4668-BE54-9A1E7A4F7556}") = "NetX.WebApi.Testing", "NetX\00_WebApiTesting\NetX.WebApi.Testing.csproj", "{4D315B16-B70C-4AFE-B13F-EEA78DCBA02A}"
EndProject
Project("{9A19103F-16F7-4668-BE54-9A1E7A4F7556}") = "NetX.FileServer", "NetX\02_Modules\FileServer\NetX.FileServer.csproj", "{680C909B-3B1A-4BBC-804D-99A130BA7885}"
EndProject
Project("{2150E333-8FDC-42A3-9474-1A3956D46DE8}") = "10_Scheduling", "10_Scheduling", "{FAF01CD7-B663-4CC6-989A-E1AEFA4842F0}"
EndProject
Project("{9A19103F-16F7-4668-BE54-9A1E7A4F7556}") = "Netx.QuartzScheduling", "01_NetXFramework\10_Scheduling\QuartzScheduling\Netx.QuartzScheduling.csproj", "{73B851D9-B95F-41D8-973F-2CAB13036015}"
EndProject
Project("{9A19103F-16F7-4668-BE54-9A1E7A4F7556}") = "NetX.TaskScheduling", "NetX\02_Modules\TaskScheduling\NetX.TaskScheduling.csproj", "{9CAFF79F-D82B-48AC-9A35-C7D7DF2CCE4D}"
EndProject
Project("{2150E333-8FDC-42A3-9474-1A3956D46DE8}") = "SharedFramework", "SharedFramework", "{25FE97EB-8556-40D6-9D11-F64769396614}"
EndProject
Project("{9A19103F-16F7-4668-BE54-9A1E7A4F7556}") = "NetX.SharedFramework.ChainPipeline", "01_NetXFramework\00_Utils\SharedFramework\ChainPipeline\NetX.SharedFramework.ChainPipeline.csproj", "{B120FFC9-9E08-4AAC-A13B-7A8834EA9694}"
EndProject
Global
	GlobalSection(SolutionConfigurationPlatforms) = preSolution
		Debug|Any CPU = Debug|Any CPU
		Release|Any CPU = Release|Any CPU
	EndGlobalSection
	GlobalSection(ProjectConfigurationPlatforms) = postSolution
		{2E511575-86F6-4974-8EBC-4642BEE0BD05}.Debug|Any CPU.ActiveCfg = Debug|Any CPU
		{2E511575-86F6-4974-8EBC-4642BEE0BD05}.Debug|Any CPU.Build.0 = Debug|Any CPU
		{2E511575-86F6-4974-8EBC-4642BEE0BD05}.Release|Any CPU.ActiveCfg = Release|Any CPU
		{2E511575-86F6-4974-8EBC-4642BEE0BD05}.Release|Any CPU.Build.0 = Release|Any CPU
		{8632AE87-8E95-49C1-9E90-2D05C26A5106}.Debug|Any CPU.ActiveCfg = Debug|Any CPU
		{8632AE87-8E95-49C1-9E90-2D05C26A5106}.Debug|Any CPU.Build.0 = Debug|Any CPU
		{8632AE87-8E95-49C1-9E90-2D05C26A5106}.Release|Any CPU.ActiveCfg = Release|Any CPU
		{8632AE87-8E95-49C1-9E90-2D05C26A5106}.Release|Any CPU.Build.0 = Release|Any CPU
		{3AEB9628-054C-4197-B30F-E367916636C0}.Debug|Any CPU.ActiveCfg = Debug|Any CPU
		{3AEB9628-054C-4197-B30F-E367916636C0}.Debug|Any CPU.Build.0 = Debug|Any CPU
		{3AEB9628-054C-4197-B30F-E367916636C0}.Release|Any CPU.ActiveCfg = Release|Any CPU
		{3AEB9628-054C-4197-B30F-E367916636C0}.Release|Any CPU.Build.0 = Release|Any CPU
		{6144D025-9C35-4B0D-AE34-02EF9249264C}.Debug|Any CPU.ActiveCfg = Debug|Any CPU
		{6144D025-9C35-4B0D-AE34-02EF9249264C}.Debug|Any CPU.Build.0 = Debug|Any CPU
		{6144D025-9C35-4B0D-AE34-02EF9249264C}.Release|Any CPU.ActiveCfg = Release|Any CPU
		{6144D025-9C35-4B0D-AE34-02EF9249264C}.Release|Any CPU.Build.0 = Release|Any CPU
		{E4A95196-0E61-4B3B-A184-4522B421C6BF}.Debug|Any CPU.ActiveCfg = Debug|Any CPU
		{E4A95196-0E61-4B3B-A184-4522B421C6BF}.Debug|Any CPU.Build.0 = Debug|Any CPU
		{E4A95196-0E61-4B3B-A184-4522B421C6BF}.Release|Any CPU.ActiveCfg = Release|Any CPU
		{E4A95196-0E61-4B3B-A184-4522B421C6BF}.Release|Any CPU.Build.0 = Release|Any CPU
		{E3A8D2F7-61D4-4A29-809C-C594FF75B9AC}.Debug|Any CPU.ActiveCfg = Debug|Any CPU
		{E3A8D2F7-61D4-4A29-809C-C594FF75B9AC}.Debug|Any CPU.Build.0 = Debug|Any CPU
		{E3A8D2F7-61D4-4A29-809C-C594FF75B9AC}.Release|Any CPU.ActiveCfg = Release|Any CPU
		{E3A8D2F7-61D4-4A29-809C-C594FF75B9AC}.Release|Any CPU.Build.0 = Release|Any CPU
		{72DFBF56-F612-49E9-AF91-81467F0B0FB1}.Debug|Any CPU.ActiveCfg = Debug|Any CPU
		{72DFBF56-F612-49E9-AF91-81467F0B0FB1}.Debug|Any CPU.Build.0 = Debug|Any CPU
		{72DFBF56-F612-49E9-AF91-81467F0B0FB1}.Release|Any CPU.ActiveCfg = Release|Any CPU
		{72DFBF56-F612-49E9-AF91-81467F0B0FB1}.Release|Any CPU.Build.0 = Release|Any CPU
		{CC640E22-04EB-4276-9545-ED7E17AB915E}.Debug|Any CPU.ActiveCfg = Debug|Any CPU
		{CC640E22-04EB-4276-9545-ED7E17AB915E}.Debug|Any CPU.Build.0 = Debug|Any CPU
		{CC640E22-04EB-4276-9545-ED7E17AB915E}.Release|Any CPU.ActiveCfg = Release|Any CPU
		{CC640E22-04EB-4276-9545-ED7E17AB915E}.Release|Any CPU.Build.0 = Release|Any CPU
		{85DB8ACB-33AB-4C41-B9D0-EE231E988372}.Debug|Any CPU.ActiveCfg = Debug|Any CPU
		{85DB8ACB-33AB-4C41-B9D0-EE231E988372}.Debug|Any CPU.Build.0 = Debug|Any CPU
		{85DB8ACB-33AB-4C41-B9D0-EE231E988372}.Release|Any CPU.ActiveCfg = Release|Any CPU
		{85DB8ACB-33AB-4C41-B9D0-EE231E988372}.Release|Any CPU.Build.0 = Release|Any CPU
		{B3DC474C-9676-42C3-97B1-FE9495E8ADDD}.Debug|Any CPU.ActiveCfg = Debug|Any CPU
		{B3DC474C-9676-42C3-97B1-FE9495E8ADDD}.Debug|Any CPU.Build.0 = Debug|Any CPU
		{B3DC474C-9676-42C3-97B1-FE9495E8ADDD}.Release|Any CPU.ActiveCfg = Release|Any CPU
		{B3DC474C-9676-42C3-97B1-FE9495E8ADDD}.Release|Any CPU.Build.0 = Release|Any CPU
		{B104DD2A-D06F-4BE9-81B9-5A485CADB90B}.Debug|Any CPU.ActiveCfg = Debug|Any CPU
		{B104DD2A-D06F-4BE9-81B9-5A485CADB90B}.Debug|Any CPU.Build.0 = Debug|Any CPU
		{B104DD2A-D06F-4BE9-81B9-5A485CADB90B}.Release|Any CPU.ActiveCfg = Release|Any CPU
		{B104DD2A-D06F-4BE9-81B9-5A485CADB90B}.Release|Any CPU.Build.0 = Release|Any CPU
		{D35865AD-6BC1-481A-B91E-BBBA9C076160}.Debug|Any CPU.ActiveCfg = Debug|Any CPU
		{D35865AD-6BC1-481A-B91E-BBBA9C076160}.Debug|Any CPU.Build.0 = Debug|Any CPU
		{D35865AD-6BC1-481A-B91E-BBBA9C076160}.Release|Any CPU.ActiveCfg = Release|Any CPU
		{D35865AD-6BC1-481A-B91E-BBBA9C076160}.Release|Any CPU.Build.0 = Release|Any CPU
		{649F7101-1464-48A6-B5E8-0190759778A6}.Debug|Any CPU.ActiveCfg = Debug|Any CPU
		{649F7101-1464-48A6-B5E8-0190759778A6}.Debug|Any CPU.Build.0 = Debug|Any CPU
		{649F7101-1464-48A6-B5E8-0190759778A6}.Release|Any CPU.ActiveCfg = Release|Any CPU
		{649F7101-1464-48A6-B5E8-0190759778A6}.Release|Any CPU.Build.0 = Release|Any CPU
		{68B21E54-BF26-4F51-B5C0-DD8E8D838278}.Debug|Any CPU.ActiveCfg = Debug|Any CPU
		{68B21E54-BF26-4F51-B5C0-DD8E8D838278}.Debug|Any CPU.Build.0 = Debug|Any CPU
		{68B21E54-BF26-4F51-B5C0-DD8E8D838278}.Release|Any CPU.ActiveCfg = Release|Any CPU
		{68B21E54-BF26-4F51-B5C0-DD8E8D838278}.Release|Any CPU.Build.0 = Release|Any CPU
		{03C4AC52-3F20-41D6-B577-18B2F1349E71}.Debug|Any CPU.ActiveCfg = Debug|Any CPU
		{03C4AC52-3F20-41D6-B577-18B2F1349E71}.Debug|Any CPU.Build.0 = Debug|Any CPU
		{03C4AC52-3F20-41D6-B577-18B2F1349E71}.Release|Any CPU.ActiveCfg = Release|Any CPU
		{03C4AC52-3F20-41D6-B577-18B2F1349E71}.Release|Any CPU.Build.0 = Release|Any CPU
		{BD41CDBB-01F8-422D-9B0F-E80D15D9600C}.Debug|Any CPU.ActiveCfg = Debug|Any CPU
		{BD41CDBB-01F8-422D-9B0F-E80D15D9600C}.Debug|Any CPU.Build.0 = Debug|Any CPU
		{BD41CDBB-01F8-422D-9B0F-E80D15D9600C}.Release|Any CPU.ActiveCfg = Release|Any CPU
		{BD41CDBB-01F8-422D-9B0F-E80D15D9600C}.Release|Any CPU.Build.0 = Release|Any CPU
		{B2F46066-069B-4029-B9B1-D0D4F0356BCA}.Debug|Any CPU.ActiveCfg = Debug|Any CPU
		{B2F46066-069B-4029-B9B1-D0D4F0356BCA}.Debug|Any CPU.Build.0 = Debug|Any CPU
		{B2F46066-069B-4029-B9B1-D0D4F0356BCA}.Release|Any CPU.ActiveCfg = Release|Any CPU
		{B2F46066-069B-4029-B9B1-D0D4F0356BCA}.Release|Any CPU.Build.0 = Release|Any CPU
		{DC9F93B0-AA3F-45F9-B189-A2995CEA59EF}.Debug|Any CPU.ActiveCfg = Debug|Any CPU
		{DC9F93B0-AA3F-45F9-B189-A2995CEA59EF}.Debug|Any CPU.Build.0 = Debug|Any CPU
		{DC9F93B0-AA3F-45F9-B189-A2995CEA59EF}.Release|Any CPU.ActiveCfg = Release|Any CPU
		{DC9F93B0-AA3F-45F9-B189-A2995CEA59EF}.Release|Any CPU.Build.0 = Release|Any CPU
		{4D599D85-D653-4EBE-A77D-91E44DA456FA}.Debug|Any CPU.ActiveCfg = Debug|Any CPU
		{4D599D85-D653-4EBE-A77D-91E44DA456FA}.Debug|Any CPU.Build.0 = Debug|Any CPU
		{4D599D85-D653-4EBE-A77D-91E44DA456FA}.Release|Any CPU.ActiveCfg = Release|Any CPU
		{4D599D85-D653-4EBE-A77D-91E44DA456FA}.Release|Any CPU.Build.0 = Release|Any CPU
		{BD24C9EC-4F8A-41CD-9545-40307588BAC2}.Debug|Any CPU.ActiveCfg = Debug|Any CPU
		{BD24C9EC-4F8A-41CD-9545-40307588BAC2}.Debug|Any CPU.Build.0 = Debug|Any CPU
		{BD24C9EC-4F8A-41CD-9545-40307588BAC2}.Release|Any CPU.ActiveCfg = Release|Any CPU
		{BD24C9EC-4F8A-41CD-9545-40307588BAC2}.Release|Any CPU.Build.0 = Release|Any CPU
		{021889C7-0BA6-4258-9A83-9171420D0A31}.Debug|Any CPU.ActiveCfg = Debug|Any CPU
		{021889C7-0BA6-4258-9A83-9171420D0A31}.Debug|Any CPU.Build.0 = Debug|Any CPU
		{021889C7-0BA6-4258-9A83-9171420D0A31}.Release|Any CPU.ActiveCfg = Release|Any CPU
		{021889C7-0BA6-4258-9A83-9171420D0A31}.Release|Any CPU.Build.0 = Release|Any CPU
		{4D315B16-B70C-4AFE-B13F-EEA78DCBA02A}.Debug|Any CPU.ActiveCfg = Debug|Any CPU
		{4D315B16-B70C-4AFE-B13F-EEA78DCBA02A}.Debug|Any CPU.Build.0 = Debug|Any CPU
		{4D315B16-B70C-4AFE-B13F-EEA78DCBA02A}.Release|Any CPU.ActiveCfg = Release|Any CPU
		{4D315B16-B70C-4AFE-B13F-EEA78DCBA02A}.Release|Any CPU.Build.0 = Release|Any CPU
		{680C909B-3B1A-4BBC-804D-99A130BA7885}.Debug|Any CPU.ActiveCfg = Debug|Any CPU
		{680C909B-3B1A-4BBC-804D-99A130BA7885}.Debug|Any CPU.Build.0 = Debug|Any CPU
		{680C909B-3B1A-4BBC-804D-99A130BA7885}.Release|Any CPU.ActiveCfg = Release|Any CPU
		{680C909B-3B1A-4BBC-804D-99A130BA7885}.Release|Any CPU.Build.0 = Release|Any CPU
		{73B851D9-B95F-41D8-973F-2CAB13036015}.Debug|Any CPU.ActiveCfg = Debug|Any CPU
		{73B851D9-B95F-41D8-973F-2CAB13036015}.Debug|Any CPU.Build.0 = Debug|Any CPU
		{73B851D9-B95F-41D8-973F-2CAB13036015}.Release|Any CPU.ActiveCfg = Release|Any CPU
		{73B851D9-B95F-41D8-973F-2CAB13036015}.Release|Any CPU.Build.0 = Release|Any CPU
		{9CAFF79F-D82B-48AC-9A35-C7D7DF2CCE4D}.Debug|Any CPU.ActiveCfg = Debug|Any CPU
		{9CAFF79F-D82B-48AC-9A35-C7D7DF2CCE4D}.Debug|Any CPU.Build.0 = Debug|Any CPU
		{9CAFF79F-D82B-48AC-9A35-C7D7DF2CCE4D}.Release|Any CPU.ActiveCfg = Release|Any CPU
		{9CAFF79F-D82B-48AC-9A35-C7D7DF2CCE4D}.Release|Any CPU.Build.0 = Release|Any CPU
		{B120FFC9-9E08-4AAC-A13B-7A8834EA9694}.Debug|Any CPU.ActiveCfg = Debug|Any CPU
		{B120FFC9-9E08-4AAC-A13B-7A8834EA9694}.Debug|Any CPU.Build.0 = Debug|Any CPU
		{B120FFC9-9E08-4AAC-A13B-7A8834EA9694}.Release|Any CPU.ActiveCfg = Release|Any CPU
		{B120FFC9-9E08-4AAC-A13B-7A8834EA9694}.Release|Any CPU.Build.0 = Release|Any CPU
	EndGlobalSection
	GlobalSection(SolutionProperties) = preSolution
		HideSolutionNode = FALSE
	EndGlobalSection
	GlobalSection(NestedProjects) = preSolution
		{CF5EC2CC-9C12-4D26-87C6-FA06E5D7F674} = {54205D67-3381-4BF0-B639-FD721793413F}
		{506F5AC0-FEAE-4E4B-B746-30C07184A5C5} = {54205D67-3381-4BF0-B639-FD721793413F}
		{745B3EC3-981C-487D-BB75-54AF266FA1FD} = {54205D67-3381-4BF0-B639-FD721793413F}
		{63A06F42-E76A-4028-ABC3-23A8A6431D26} = {54205D67-3381-4BF0-B639-FD721793413F}
		{6D688046-959E-4B4E-95BE-CE91C3FB88A8} = {54205D67-3381-4BF0-B639-FD721793413F}
		{ADD2186D-874E-42DB-BC66-F07CF1467523} = {54205D67-3381-4BF0-B639-FD721793413F}
		{BD0D352D-B332-42D5-B551-124EE9F5DF3A} = {54205D67-3381-4BF0-B639-FD721793413F}
		{2E511575-86F6-4974-8EBC-4642BEE0BD05} = {CF5EC2CC-9C12-4D26-87C6-FA06E5D7F674}
		{8632AE87-8E95-49C1-9E90-2D05C26A5106} = {506F5AC0-FEAE-4E4B-B746-30C07184A5C5}
		{3AEB9628-054C-4197-B30F-E367916636C0} = {745B3EC3-981C-487D-BB75-54AF266FA1FD}
		{6144D025-9C35-4B0D-AE34-02EF9249264C} = {63A06F42-E76A-4028-ABC3-23A8A6431D26}
		{E4A95196-0E61-4B3B-A184-4522B421C6BF} = {6D688046-959E-4B4E-95BE-CE91C3FB88A8}
		{E3A8D2F7-61D4-4A29-809C-C594FF75B9AC} = {ADD2186D-874E-42DB-BC66-F07CF1467523}
		{72DFBF56-F612-49E9-AF91-81467F0B0FB1} = {D6B40723-62CB-410C-90EE-228D5D2590E5}
		{1FACA067-4C15-4285-9249-1A9C66C70E26} = {48982754-DA07-4CF4-9D7E-004ADAD1FBB9}
		{CC640E22-04EB-4276-9545-ED7E17AB915E} = {1FACA067-4C15-4285-9249-1A9C66C70E26}
		{C8BB9A00-0DCB-469A-8A0D-D7590EFFA0E6} = {10523FEB-A7FD-4803-8AED-5F85C484CCE1}
		{D0C68E61-70D2-433D-989C-4E5A37180FA3} = {10523FEB-A7FD-4803-8AED-5F85C484CCE1}
		{10523FEB-A7FD-4803-8AED-5F85C484CCE1} = {48982754-DA07-4CF4-9D7E-004ADAD1FBB9}
		{E90693D9-0C0F-4F0E-8CD7-6219A3F715BA} = {48982754-DA07-4CF4-9D7E-004ADAD1FBB9}
		{C39E95AC-B406-479A-A914-4026EF6ED89A} = {E90693D9-0C0F-4F0E-8CD7-6219A3F715BA}
		{233C383C-1013-443B-AF1A-484B5E49BA41} = {E90693D9-0C0F-4F0E-8CD7-6219A3F715BA}
		{85DB8ACB-33AB-4C41-B9D0-EE231E988372} = {C8BB9A00-0DCB-469A-8A0D-D7590EFFA0E6}
		{B3DC474C-9676-42C3-97B1-FE9495E8ADDD} = {D0C68E61-70D2-433D-989C-4E5A37180FA3}
		{B104DD2A-D06F-4BE9-81B9-5A485CADB90B} = {C39E95AC-B406-479A-A914-4026EF6ED89A}
		{D35865AD-6BC1-481A-B91E-BBBA9C076160} = {233C383C-1013-443B-AF1A-484B5E49BA41}
		{649F7101-1464-48A6-B5E8-0190759778A6} = {BD0D352D-B332-42D5-B551-124EE9F5DF3A}
		{68B21E54-BF26-4F51-B5C0-DD8E8D838278} = {BD0D352D-B332-42D5-B551-124EE9F5DF3A}
		{1782B6F8-3B2B-44CF-9B86-E1452B0D90DE} = {54205D67-3381-4BF0-B639-FD721793413F}
		{03C4AC52-3F20-41D6-B577-18B2F1349E71} = {1782B6F8-3B2B-44CF-9B86-E1452B0D90DE}
		{7D753218-DF8D-4355-81A2-7064E7CC463F} = {54205D67-3381-4BF0-B639-FD721793413F}
		{BD41CDBB-01F8-422D-9B0F-E80D15D9600C} = {7D753218-DF8D-4355-81A2-7064E7CC463F}
		{0E0C7D85-52A6-4139-A6A2-A4095C8B47C6} = {D799B4DC-8F15-4730-A443-A6645AAF1B60}
		{92023A8C-A7CC-4FE6-A202-754C8627211C} = {D799B4DC-8F15-4730-A443-A6645AAF1B60}
		{B2F46066-069B-4029-B9B1-D0D4F0356BCA} = {92023A8C-A7CC-4FE6-A202-754C8627211C}
		{DC9F93B0-AA3F-45F9-B189-A2995CEA59EF} = {0E0C7D85-52A6-4139-A6A2-A4095C8B47C6}
		{F90B11CE-F64E-42B6-9D66-C578527B1DDA} = {54205D67-3381-4BF0-B639-FD721793413F}
		{4D599D85-D653-4EBE-A77D-91E44DA456FA} = {F90B11CE-F64E-42B6-9D66-C578527B1DDA}
		{BD24C9EC-4F8A-41CD-9545-40307588BAC2} = {F90B11CE-F64E-42B6-9D66-C578527B1DDA}
		{021889C7-0BA6-4258-9A83-9171420D0A31} = {0E0C7D85-52A6-4139-A6A2-A4095C8B47C6}
		{2867334D-AB7E-408A-A8E0-6748CF99301E} = {D799B4DC-8F15-4730-A443-A6645AAF1B60}
		{4D315B16-B70C-4AFE-B13F-EEA78DCBA02A} = {2867334D-AB7E-408A-A8E0-6748CF99301E}
		{680C909B-3B1A-4BBC-804D-99A130BA7885} = {0E0C7D85-52A6-4139-A6A2-A4095C8B47C6}
		{FAF01CD7-B663-4CC6-989A-E1AEFA4842F0} = {54205D67-3381-4BF0-B639-FD721793413F}
		{73B851D9-B95F-41D8-973F-2CAB13036015} = {FAF01CD7-B663-4CC6-989A-E1AEFA4842F0}
		{9CAFF79F-D82B-48AC-9A35-C7D7DF2CCE4D} = {0E0C7D85-52A6-4139-A6A2-A4095C8B47C6}
		{25FE97EB-8556-40D6-9D11-F64769396614} = {CF5EC2CC-9C12-4D26-87C6-FA06E5D7F674}
		{B120FFC9-9E08-4AAC-A13B-7A8834EA9694} = {25FE97EB-8556-40D6-9D11-F64769396614}
	EndGlobalSection
	GlobalSection(ExtensibilityGlobals) = postSolution
		SolutionGuid = {E8782471-74F4-48CA-9551-1D4CF94CA9CC}
	EndGlobalSection
EndGlobal
